
Microsoft Visual Studio Solution File, Format Version 12.00
Project("{FAE04EC0-301F-11D3-BF4B-00C04F79EFBC}") = "Tutor1", "Tutor1\Tutor1.csproj", "{E4FB4BF6-793F-4535-A2E3-B42364FF204D}"
EndProject
Global
	GlobalSection(SolutionConfigurationPlatforms) = preSolution
		Debug|Any CPU = Debug|Any CPU
		Release|Any CPU = Release|Any CPU
	EndGlobalSection
	GlobalSection(ProjectConfigurationPlatforms) = postSolution
		{E4FB4BF6-793F-4535-A2E3-B42364FF204D}.Debug|Any CPU.ActiveCfg = Debug|Any CPU
		{E4FB4BF6-793F-4535-A2E3-B42364FF204D}.Debug|Any CPU.Build.0 = Debug|Any CPU
		{E4FB4BF6-793F-4535-A2E3-B42364FF204D}.Release|Any CPU.ActiveCfg = Release|Any CPU
		{E4FB4BF6-793F-4535-A2E3-B42364FF204D}.Release|Any CPU.Build.0 = Release|Any CPU
	EndGlobalSection
EndGlobal
